// !$*UTF8*$!
{
	archiveVersion = 1;
	classes = {
	};
	objectVersion = 46;
	objects = {

/* Begin PBXBuildFile section */
		E1394FB31CCDFC8E0013A8B8 /* APPNavigator.m in Sources */ = {isa = PBXBuildFile; fileRef = E1394FB21CCDFC8E0013A8B8 /* APPNavigator.m */; };
		E15250191CB177DD00A9E826 /* AViewController.m in Sources */ = {isa = PBXBuildFile; fileRef = E15250181CB177DD00A9E826 /* AViewController.m */; };
		E152501C1CB178AE00A9E826 /* BViewController.m in Sources */ = {isa = PBXBuildFile; fileRef = E152501B1CB178AE00A9E826 /* BViewController.m */; };
		E152501F1CB178E800A9E826 /* CViewController.m in Sources */ = {isa = PBXBuildFile; fileRef = E152501E1CB178E800A9E826 /* CViewController.m */; };
		E1AC2AD51C9F949000A94556 /* main.m in Sources */ = {isa = PBXBuildFile; fileRef = E1AC2AD41C9F949000A94556 /* main.m */; };
		E1AC2AD81C9F949000A94556 /* AppDelegate.m in Sources */ = {isa = PBXBuildFile; fileRef = E1AC2AD71C9F949000A94556 /* AppDelegate.m */; };
		E1AC2AE01C9F949000A94556 /* Assets.xcassets in Resources */ = {isa = PBXBuildFile; fileRef = E1AC2ADF1C9F949000A94556 /* Assets.xcassets */; };
		E1AC2B0B1C9F954900A94556 /* Icon-60@2x.png in Resources */ = {isa = PBXBuildFile; fileRef = E1AC2AF71C9F954900A94556 /* Icon-60@2x.png */; };
		E1AC2B0C1C9F954900A94556 /* Icon-60@3x.png in Resources */ = {isa = PBXBuildFile; fileRef = E1AC2AF81C9F954900A94556 /* Icon-60@3x.png */; };
		E1AC2B0D1C9F954900A94556 /* Icon-Small-40@2x.png in Resources */ = {isa = PBXBuildFile; fileRef = E1AC2AF91C9F954900A94556 /* Icon-Small-40@2x.png */; };
		E1AC2B0E1C9F954900A94556 /* Icon-Small-40@3x.png in Resources */ = {isa = PBXBuildFile; fileRef = E1AC2AFA1C9F954900A94556 /* Icon-Small-40@3x.png */; };
		E1AC2B0F1C9F954900A94556 /* Icon-Small.png in Resources */ = {isa = PBXBuildFile; fileRef = E1AC2AFB1C9F954900A94556 /* Icon-Small.png */; };
		E1AC2B101C9F954900A94556 /* Icon-Small@2x.png in Resources */ = {isa = PBXBuildFile; fileRef = E1AC2AFC1C9F954900A94556 /* Icon-Small@2x.png */; };
		E1AC2B111C9F954900A94556 /* Icon-Small@3x.png in Resources */ = {isa = PBXBuildFile; fileRef = E1AC2AFD1C9F954900A94556 /* Icon-Small@3x.png */; };
		E1AC2B121C9F954900A94556 /* Icon.png in Resources */ = {isa = PBXBuildFile; fileRef = E1AC2AFE1C9F954900A94556 /* Icon.png */; };
		E1AC2B131C9F954900A94556 /* Icon@2x.png in Resources */ = {isa = PBXBuildFile; fileRef = E1AC2AFF1C9F954900A94556 /* Icon@2x.png */; };
		E1AC2B151C9F954900A94556 /* Default-568h@2x.png in Resources */ = {isa = PBXBuildFile; fileRef = E1AC2B041C9F954900A94556 /* Default-568h@2x.png */; };
		E1AC2B161C9F954900A94556 /* Default-iOS7-568h@2x.png in Resources */ = {isa = PBXBuildFile; fileRef = E1AC2B051C9F954900A94556 /* Default-iOS7-568h@2x.png */; };
		E1AC2B171C9F954900A94556 /* Default-iOS7@2x-1.png in Resources */ = {isa = PBXBuildFile; fileRef = E1AC2B061C9F954900A94556 /* Default-iOS7@2x-1.png */; };
		E1AC2B181C9F954900A94556 /* Default-iOS7@2x.png in Resources */ = {isa = PBXBuildFile; fileRef = E1AC2B071C9F954900A94556 /* Default-iOS7@2x.png */; };
		E1AC2B191C9F954900A94556 /* Default-iOS8-667h@2x.png in Resources */ = {isa = PBXBuildFile; fileRef = E1AC2B081C9F954900A94556 /* Default-iOS8-667h@2x.png */; };
		E1AC2B1A1C9F954900A94556 /* Default-iOS8-736h@3x.png in Resources */ = {isa = PBXBuildFile; fileRef = E1AC2B091C9F954900A94556 /* Default-iOS8-736h@3x.png */; };
		E1AC2B1B1C9F954900A94556 /* Default.png in Resources */ = {isa = PBXBuildFile; fileRef = E1AC2B0A1C9F954900A94556 /* Default.png */; };
/* End PBXBuildFile section */

/* Begin PBXFileReference section */
		E1394FB11CCDFC8E0013A8B8 /* APPNavigator.h */ = {isa = PBXFileReference; fileEncoding = 4; lastKnownFileType = sourcecode.c.h; path = APPNavigator.h; sourceTree = "<group>"; };
		E1394FB21CCDFC8E0013A8B8 /* APPNavigator.m */ = {isa = PBXFileReference; fileEncoding = 4; lastKnownFileType = sourcecode.c.objc; path = APPNavigator.m; sourceTree = "<group>"; };
		E15250171CB177DD00A9E826 /* AViewController.h */ = {isa = PBXFileReference; fileEncoding = 4; lastKnownFileType = sourcecode.c.h; path = AViewController.h; sourceTree = "<group>"; };
		E15250181CB177DD00A9E826 /* AViewController.m */ = {isa = PBXFileReference; fileEncoding = 4; lastKnownFileType = sourcecode.c.objc; path = AViewController.m; sourceTree = "<group>"; };
		E152501A1CB178AE00A9E826 /* BViewController.h */ = {isa = PBXFileReference; fileEncoding = 4; lastKnownFileType = sourcecode.c.h; path = BViewController.h; sourceTree = "<group>"; };
		E152501B1CB178AE00A9E826 /* BViewController.m */ = {isa = PBXFileReference; fileEncoding = 4; lastKnownFileType = sourcecode.c.objc; path = BViewController.m; sourceTree = "<group>"; };
		E152501D1CB178E800A9E826 /* CViewController.h */ = {isa = PBXFileReference; fileEncoding = 4; lastKnownFileType = sourcecode.c.h; path = CViewController.h; sourceTree = "<group>"; };
		E152501E1CB178E800A9E826 /* CViewController.m */ = {isa = PBXFileReference; fileEncoding = 4; lastKnownFileType = sourcecode.c.objc; path = CViewController.m; sourceTree = "<group>"; };
		E1AC2AD01C9F949000A94556 /* APPNavigator.app */ = {isa = PBXFileReference; explicitFileType = wrapper.application; includeInIndex = 0; path = APPNavigator.app; sourceTree = BUILT_PRODUCTS_DIR; };
		E1AC2AD41C9F949000A94556 /* main.m */ = {isa = PBXFileReference; lastKnownFileType = sourcecode.c.objc; path = main.m; sourceTree = "<group>"; };
		E1AC2AD61C9F949000A94556 /* AppDelegate.h */ = {isa = PBXFileReference; lastKnownFileType = sourcecode.c.h; path = AppDelegate.h; sourceTree = "<group>"; };
		E1AC2AD71C9F949000A94556 /* AppDelegate.m */ = {isa = PBXFileReference; lastKnownFileType = sourcecode.c.objc; path = AppDelegate.m; sourceTree = "<group>"; };
		E1AC2ADF1C9F949000A94556 /* Assets.xcassets */ = {isa = PBXFileReference; lastKnownFileType = folder.assetcatalog; path = Assets.xcassets; sourceTree = "<group>"; };
		E1AC2AE41C9F949000A94556 /* Info.plist */ = {isa = PBXFileReference; lastKnownFileType = text.plist.xml; path = Info.plist; sourceTree = "<group>"; };
		E1AC2AF71C9F954900A94556 /* Icon-60@2x.png */ = {isa = PBXFileReference; lastKnownFileType = image.png; path = "Icon-60@2x.png"; sourceTree = "<group>"; };
		E1AC2AF81C9F954900A94556 /* Icon-60@3x.png */ = {isa = PBXFileReference; lastKnownFileType = image.png; path = "Icon-60@3x.png"; sourceTree = "<group>"; };
		E1AC2AF91C9F954900A94556 /* Icon-Small-40@2x.png */ = {isa = PBXFileReference; lastKnownFileType = image.png; path = "Icon-Small-40@2x.png"; sourceTree = "<group>"; };
		E1AC2AFA1C9F954900A94556 /* Icon-Small-40@3x.png */ = {isa = PBXFileReference; lastKnownFileType = image.png; path = "Icon-Small-40@3x.png"; sourceTree = "<group>"; };
		E1AC2AFB1C9F954900A94556 /* Icon-Small.png */ = {isa = PBXFileReference; lastKnownFileType = image.png; path = "Icon-Small.png"; sourceTree = "<group>"; };
		E1AC2AFC1C9F954900A94556 /* Icon-Small@2x.png */ = {isa = PBXFileReference; lastKnownFileType = image.png; path = "Icon-Small@2x.png"; sourceTree = "<group>"; };
		E1AC2AFD1C9F954900A94556 /* Icon-Small@3x.png */ = {isa = PBXFileReference; lastKnownFileType = image.png; path = "Icon-Small@3x.png"; sourceTree = "<group>"; };
		E1AC2AFE1C9F954900A94556 /* Icon.png */ = {isa = PBXFileReference; lastKnownFileType = image.png; path = Icon.png; sourceTree = "<group>"; };
		E1AC2AFF1C9F954900A94556 /* Icon@2x.png */ = {isa = PBXFileReference; lastKnownFileType = image.png; path = "Icon@2x.png"; sourceTree = "<group>"; };
		E1AC2B041C9F954900A94556 /* Default-568h@2x.png */ = {isa = PBXFileReference; lastKnownFileType = image.png; path = "Default-568h@2x.png"; sourceTree = "<group>"; };
		E1AC2B051C9F954900A94556 /* Default-iOS7-568h@2x.png */ = {isa = PBXFileReference; lastKnownFileType = image.png; path = "Default-iOS7-568h@2x.png"; sourceTree = "<group>"; };
		E1AC2B061C9F954900A94556 /* Default-iOS7@2x-1.png */ = {isa = PBXFileReference; lastKnownFileType = image.png; path = "Default-iOS7@2x-1.png"; sourceTree = "<group>"; };
		E1AC2B071C9F954900A94556 /* Default-iOS7@2x.png */ = {isa = PBXFileReference; lastKnownFileType = image.png; path = "Default-iOS7@2x.png"; sourceTree = "<group>"; };
		E1AC2B081C9F954900A94556 /* Default-iOS8-667h@2x.png */ = {isa = PBXFileReference; lastKnownFileType = image.png; path = "Default-iOS8-667h@2x.png"; sourceTree = "<group>"; };
		E1AC2B091C9F954900A94556 /* Default-iOS8-736h@3x.png */ = {isa = PBXFileReference; lastKnownFileType = image.png; path = "Default-iOS8-736h@3x.png"; sourceTree = "<group>"; };
		E1AC2B0A1C9F954900A94556 /* Default.png */ = {isa = PBXFileReference; lastKnownFileType = image.png; path = Default.png; sourceTree = "<group>"; };
/* End PBXFileReference section */

/* Begin PBXFrameworksBuildPhase section */
		E1AC2ACD1C9F949000A94556 /* Frameworks */ = {
			isa = PBXFrameworksBuildPhase;
			buildActionMask = 2147483647;
			files = (
			);
			runOnlyForDeploymentPostprocessing = 0;
		};
/* End PBXFrameworksBuildPhase section */

/* Begin PBXGroup section */
		E1AC2AC71C9F949000A94556 = {
			isa = PBXGroup;
			children = (
				E1AC2AD21C9F949000A94556 /* APPNavigator */,
				E1AC2AD11C9F949000A94556 /* Products */,
			);
			sourceTree = "<group>";
		};
		E1AC2AD11C9F949000A94556 /* Products */ = {
			isa = PBXGroup;
			children = (
				E1AC2AD01C9F949000A94556 /* APPNavigator.app */,
			);
			name = Products;
			sourceTree = "<group>";
		};
		E1AC2AD21C9F949000A94556 /* APPNavigator */ = {
			isa = PBXGroup;
			children = (
				E1AC2B1C1C9F95DC00A94556 /* ViewControllers */,
				E1AC2AF61C9F954900A94556 /* AppIcon */,
				E1AC2B001C9F954900A94556 /* APPNavigator */,
				E1AC2B031C9F954900A94556 /* LaunchImage */,
				E1AC2AD61C9F949000A94556 /* AppDelegate.h */,
				E1AC2AD71C9F949000A94556 /* AppDelegate.m */,
				E1AC2ADF1C9F949000A94556 /* Assets.xcassets */,
				E1AC2AE41C9F949000A94556 /* Info.plist */,
				E1AC2AD31C9F949000A94556 /* Supporting Files */,
			);
			path = APPNavigator;
			sourceTree = "<group>";
		};
		E1AC2AD31C9F949000A94556 /* Supporting Files */ = {
			isa = PBXGroup;
			children = (
				E1AC2AD41C9F949000A94556 /* main.m */,
			);
			name = "Supporting Files";
			sourceTree = "<group>";
		};
		E1AC2AF61C9F954900A94556 /* AppIcon */ = {
			isa = PBXGroup;
			children = (
				E1AC2AF71C9F954900A94556 /* Icon-60@2x.png */,
				E1AC2AF81C9F954900A94556 /* Icon-60@3x.png */,
				E1AC2AF91C9F954900A94556 /* Icon-Small-40@2x.png */,
				E1AC2AFA1C9F954900A94556 /* Icon-Small-40@3x.png */,
				E1AC2AFB1C9F954900A94556 /* Icon-Small.png */,
				E1AC2AFC1C9F954900A94556 /* Icon-Small@2x.png */,
				E1AC2AFD1C9F954900A94556 /* Icon-Small@3x.png */,
				E1AC2AFE1C9F954900A94556 /* Icon.png */,
				E1AC2AFF1C9F954900A94556 /* Icon@2x.png */,
			);
			path = AppIcon;
			sourceTree = "<group>";
		};
		E1AC2B001C9F954900A94556 /* APPNavigator */ = {
			isa = PBXGroup;
			children = (
				E1394FB11CCDFC8E0013A8B8 /* APPNavigator.h */,
				E1394FB21CCDFC8E0013A8B8 /* APPNavigator.m */,
			);
			path = APPNavigator;
			sourceTree = "<group>";
		};
		E1AC2B031C9F954900A94556 /* LaunchImage */ = {
			isa = PBXGroup;
			children = (
				E1AC2B041C9F954900A94556 /* Default-568h@2x.png */,
				E1AC2B051C9F954900A94556 /* Default-iOS7-568h@2x.png */,
				E1AC2B061C9F954900A94556 /* Default-iOS7@2x-1.png */,
				E1AC2B071C9F954900A94556 /* Default-iOS7@2x.png */,
				E1AC2B081C9F954900A94556 /* Default-iOS8-667h@2x.png */,
				E1AC2B091C9F954900A94556 /* Default-iOS8-736h@3x.png */,
				E1AC2B0A1C9F954900A94556 /* Default.png */,
			);
			path = LaunchImage;
			sourceTree = "<group>";
		};
		E1AC2B1C1C9F95DC00A94556 /* ViewControllers */ = {
			isa = PBXGroup;
			children = (
				E15250171CB177DD00A9E826 /* AViewController.h */,
				E15250181CB177DD00A9E826 /* AViewController.m */,
				E152501A1CB178AE00A9E826 /* BViewController.h */,
				E152501B1CB178AE00A9E826 /* BViewController.m */,
				E152501D1CB178E800A9E826 /* CViewController.h */,
				E152501E1CB178E800A9E826 /* CViewController.m */,
			);
			path = ViewControllers;
			sourceTree = "<group>";
		};
/* End PBXGroup section */

/* Begin PBXNativeTarget section */
		E1AC2ACF1C9F949000A94556 /* APPNavigator */ = {
			isa = PBXNativeTarget;
			buildConfigurationList = E1AC2AE71C9F949000A94556 /* Build configuration list for PBXNativeTarget "APPNavigator" */;
			buildPhases = (
				E1AC2ACC1C9F949000A94556 /* Sources */,
				E1AC2ACD1C9F949000A94556 /* Frameworks */,
				E1AC2ACE1C9F949000A94556 /* Resources */,
			);
			buildRules = (
			);
			dependencies = (
			);
			name = APPNavigator;
			productName = APPNavigator;
			productReference = E1AC2AD01C9F949000A94556 /* APPNavigator.app */;
			productType = "com.apple.product-type.application";
		};
/* End PBXNativeTarget section */

/* Begin PBXProject section */
		E1AC2AC81C9F949000A94556 /* Project object */ = {
			isa = PBXProject;
			attributes = {
				LastUpgradeCheck = 0720;
				ORGANIZATIONNAME = "王佳佳";
				TargetAttributes = {
					E1AC2ACF1C9F949000A94556 = {
						CreatedOnToolsVersion = 7.2.1;
					};
				};
			};
			buildConfigurationList = E1AC2ACB1C9F949000A94556 /* Build configuration list for PBXProject "APPNavigator" */;
			compatibilityVersion = "Xcode 3.2";
			developmentRegion = English;
			hasScannedForEncodings = 0;
			knownRegions = (
				en,
				Base,
			);
			mainGroup = E1AC2AC71C9F949000A94556;
			productRefGroup = E1AC2AD11C9F949000A94556 /* Products */;
			projectDirPath = "";
			projectRoot = "";
			targets = (
				E1AC2ACF1C9F949000A94556 /* APPNavigator */,
			);
		};
/* End PBXProject section */

/* Begin PBXResourcesBuildPhase section */
		E1AC2ACE1C9F949000A94556 /* Resources */ = {
			isa = PBXResourcesBuildPhase;
			buildActionMask = 2147483647;
			files = (
				E1AC2B0F1C9F954900A94556 /* Icon-Small.png in Resources */,
				E1AC2B161C9F954900A94556 /* Default-iOS7-568h@2x.png in Resources */,
				E1AC2B131C9F954900A94556 /* Icon@2x.png in Resources */,
				E1AC2B181C9F954900A94556 /* Default-iOS7@2x.png in Resources */,
				E1AC2B0D1C9F954900A94556 /* Icon-Small-40@2x.png in Resources */,
				E1AC2B101C9F954900A94556 /* Icon-Small@2x.png in Resources */,
				E1AC2B0E1C9F954900A94556 /* Icon-Small-40@3x.png in Resources */,
				E1AC2B0C1C9F954900A94556 /* Icon-60@3x.png in Resources */,
				E1AC2AE01C9F949000A94556 /* Assets.xcassets in Resources */,
				E1AC2B1A1C9F954900A94556 /* Default-iOS8-736h@3x.png in Resources */,
				E1AC2B1B1C9F954900A94556 /* Default.png in Resources */,
				E1AC2B151C9F954900A94556 /* Default-568h@2x.png in Resources */,
				E1AC2B121C9F954900A94556 /* Icon.png in Resources */,
				E1AC2B111C9F954900A94556 /* Icon-Small@3x.png in Resources */,
				E1AC2B171C9F954900A94556 /* Default-iOS7@2x-1.png in Resources */,
				E1AC2B191C9F954900A94556 /* Default-iOS8-667h@2x.png in Resources */,
				E1AC2B0B1C9F954900A94556 /* Icon-60@2x.png in Resources */,
			);
			runOnlyForDeploymentPostprocessing = 0;
		};
/* End PBXResourcesBuildPhase section */

/* Begin PBXSourcesBuildPhase section */
		E1AC2ACC1C9F949000A94556 /* Sources */ = {
			isa = PBXSourcesBuildPhase;
			buildActionMask = 2147483647;
			files = (
				E15250191CB177DD00A9E826 /* AViewController.m in Sources */,
				E152501F1CB178E800A9E826 /* CViewController.m in Sources */,
				E1AC2AD81C9F949000A94556 /* AppDelegate.m in Sources */,
				E1394FB31CCDFC8E0013A8B8 /* APPNavigator.m in Sources */,
				E152501C1CB178AE00A9E826 /* BViewController.m in Sources */,
				E1AC2AD51C9F949000A94556 /* main.m in Sources */,
			);
			runOnlyForDeploymentPostprocessing = 0;
		};
/* End PBXSourcesBuildPhase section */

/* Begin XCBuildConfiguration section */
		E1AC2AE51C9F949000A94556 /* Debug */ = {
			isa = XCBuildConfiguration;
			buildSettings = {
				ALWAYS_SEARCH_USER_PATHS = NO;
				CLANG_CXX_LANGUAGE_STANDARD = "gnu++0x";
				CLANG_CXX_LIBRARY = "libc++";
				CLANG_ENABLE_MODULES = YES;
				CLANG_ENABLE_OBJC_ARC = YES;
				CLANG_WARN_BOOL_CONVERSION = YES;
				CLANG_WARN_CONSTANT_CONVERSION = YES;
				CLANG_WARN_DIRECT_OBJC_ISA_USAGE = YES_ERROR;
				CLANG_WARN_EMPTY_BODY = YES;
				CLANG_WARN_ENUM_CONVERSION = YES;
				CLANG_WARN_INT_CONVERSION = YES;
				CLANG_WARN_OBJC_ROOT_CLASS = YES_ERROR;
				CLANG_WARN_UNREACHABLE_CODE = YES;
				CLANG_WARN__DUPLICATE_METHOD_MATCH = YES;
				"CODE_SIGN_IDENTITY[sdk=iphoneos*]" = "iPhone Developer";
				COPY_PHASE_STRIP = NO;
				DEBUG_INFORMATION_FORMAT = dwarf;
				ENABLE_STRICT_OBJC_MSGSEND = YES;
				ENABLE_TESTABILITY = YES;
				GCC_C_LANGUAGE_STANDARD = gnu99;
				GCC_DYNAMIC_NO_PIC = NO;
				GCC_NO_COMMON_BLOCKS = YES;
				GCC_OPTIMIZATION_LEVEL = 0;
				GCC_PREPROCESSOR_DEFINITIONS = (
					"DEBUG=1",
					"$(inherited)",
				);
				GCC_WARN_64_TO_32_BIT_CONVERSION = YES;
				GCC_WARN_ABOUT_RETURN_TYPE = YES_ERROR;
				GCC_WARN_UNDECLARED_SELECTOR = YES;
				GCC_WARN_UNINITIALIZED_AUTOS = YES_AGGRESSIVE;
				GCC_WARN_UNUSED_FUNCTION = YES;
				GCC_WARN_UNUSED_VARIABLE = YES;
				IPHONEOS_DEPLOYMENT_TARGET = 9.2;
				MTL_ENABLE_DEBUG_INFO = YES;
				ONLY_ACTIVE_ARCH = YES;
				SDKROOT = iphoneos;
			};
			name = Debug;
		};
		E1AC2AE61C9F949000A94556 /* Release */ = {
			isa = XCBuildConfiguration;
			buildSettings = {
				ALWAYS_SEARCH_USER_PATHS = NO;
				CLANG_CXX_LANGUAGE_STANDARD = "gnu++0x";
				CLANG_CXX_LIBRARY = "libc++";
				CLANG_ENABLE_MODULES = YES;
				CLANG_ENABLE_OBJC_ARC = YES;
				CLANG_WARN_BOOL_CONVERSION = YES;
				CLANG_WARN_CONSTANT_CONVERSION = YES;
				CLANG_WARN_DIRECT_OBJC_ISA_USAGE = YES_ERROR;
				CLANG_WARN_EMPTY_BODY = YES;
				CLANG_WARN_ENUM_CONVERSION = YES;
				CLANG_WARN_INT_CONVERSION = YES;
				CLANG_WARN_OBJC_ROOT_CLASS = YES_ERROR;
				CLANG_WARN_UNREACHABLE_CODE = YES;
				CLANG_WARN__DUPLICATE_METHOD_MATCH = YES;
				"CODE_SIGN_IDENTITY[sdk=iphoneos*]" = "iPhone Developer";
				COPY_PHASE_STRIP = NO;
				DEBUG_INFORMATION_FORMAT = "dwarf-with-dsym";
				ENABLE_NS_ASSERTIONS = NO;
				ENABLE_STRICT_OBJC_MSGSEND = YES;
				GCC_C_LANGUAGE_STANDARD = gnu99;
				GCC_NO_COMMON_BLOCKS = YES;
				GCC_WARN_64_TO_32_BIT_CONVERSION = YES;
				GCC_WARN_ABOUT_RETURN_TYPE = YES_ERROR;
				GCC_WARN_UNDECLARED_SELECTOR = YES;
				GCC_WARN_UNINITIALIZED_AUTOS = YES_AGGRESSIVE;
				GCC_WARN_UNUSED_FUNCTION = YES;
				GCC_WARN_UNUSED_VARIABLE = YES;
				IPHONEOS_DEPLOYMENT_TARGET = 9.2;
				MTL_ENABLE_DEBUG_INFO = NO;
				SDKROOT = iphoneos;
				VALIDATE_PRODUCT = YES;
			};
			name = Release;
		};
		E1AC2AE81C9F949000A94556 /* Debug */ = {
			isa = XCBuildConfiguration;
			buildSettings = {
				ASSETCATALOG_COMPILER_APPICON_NAME = AppIcon;
				CODE_SIGN_IDENTITY = "iPhone Developer";
				INFOPLIST_FILE = APPNavigator/Info.plist;
				IPHONEOS_DEPLOYMENT_TARGET = 7.0;
				LD_RUNPATH_SEARCH_PATHS = "$(inherited) @executable_path/Frameworks";
				PRODUCT_BUNDLE_IDENTIFIER = SwiftLOL.APPNavigator;
				PRODUCT_NAME = "$(TARGET_NAME)";
			};
			name = Debug;
		};
		E1AC2AE91C9F949000A94556 /* Release */ = {
			isa = XCBuildConfiguration;
			buildSettings = {
				ASSETCATALOG_COMPILER_APPICON_NAME = AppIcon;
				CODE_SIGN_IDENTITY = "iPhone Developer";
				INFOPLIST_FILE = APPNavigator/Info.plist;
				IPHONEOS_DEPLOYMENT_TARGET = 7.0;
				LD_RUNPATH_SEARCH_PATHS = "$(inherited) @executable_path/Frameworks";
				PRODUCT_BUNDLE_IDENTIFIER = SwiftLOL.APPNavigator;
				PRODUCT_NAME = "$(TARGET_NAME)";
			};
			name = Release;
		};
/* End XCBuildConfiguration section */

/* Begin XCConfigurationList section */
		E1AC2ACB1C9F949000A94556 /* Build configuration list for PBXProject "APPNavigator" */ = {
			isa = XCConfigurationList;
			buildConfigurations = (
				E1AC2AE51C9F949000A94556 /* Debug */,
				E1AC2AE61C9F949000A94556 /* Release */,
			);
			defaultConfigurationIsVisible = 0;
			defaultConfigurationName = Release;
		};
		E1AC2AE71C9F949000A94556 /* Build configuration list for PBXNativeTarget "APPNavigator" */ = {
			isa = XCConfigurationList;
			buildConfigurations = (
				E1AC2AE81C9F949000A94556 /* Debug */,
				E1AC2AE91C9F949000A94556 /* Release */,
			);
			defaultConfigurationIsVisible = 0;
			defaultConfigurationName = Release;
		};
/* End XCConfigurationList section */
	};
	rootObject = E1AC2AC81C9F949000A94556 /* Project object */;
}
